
Microsoft Visual Studio Solution File, Format Version 12.00
Project("{FAE04EC0-301F-11D3-BF4B-00C04F79EFBC}") = "Api", "Api\Api.csproj", "{4AD49FB5-6668-4DCE-BFBF-2A1788072CDC}"
EndProject
Project("{FAE04EC0-301F-11D3-BF4B-00C04F79EFBC}") = "Domain", "Domain\Domain.csproj", "{DDFEE0CC-2576-4DB6-813A-3BE53527576B}"
EndProject
Project("{FAE04EC0-301F-11D3-BF4B-00C04F79EFBC}") = "Storage", "Storage\Storage.csproj", "{A25D79E9-252E-4AAF-8000-562CB095396D}"
EndProject
Project("{2150E333-8FDC-42A3-9474-1A3956D46DE8}") = "Tests", "Tests", "{5A93B2A7-1FDB-4FFB-BF25-9BAA8B576E35}"
EndProject
Project("{FAE04EC0-301F-11D3-BF4B-00C04F79EFBC}") = "Database", "Database\Database.csproj", "{616173D2-F088-4075-B182-4083D675CF36}"
EndProject
Project("{FAE04EC0-301F-11D3-BF4B-00C04F79EFBC}") = "Test.Data", "Test.Data\Test.Data.csproj", "{850651F0-ABCB-4718-9427-7314FEE27953}"
EndProject
Project("{FAE04EC0-301F-11D3-BF4B-00C04F79EFBC}") = "Test.Integration", "Test.Integration\Test.Integration.csproj", "{F69ABD58-F37C-4C3E-809B-AC6305613E94}"
EndProject
Project("{FAE04EC0-301F-11D3-BF4B-00C04F79EFBC}") = "Test.Configuration", "Test.Configuration\Test.Configuration.csproj", "{396392AA-A436-439A-8F42-4A5AB668412F}"
EndProject
Global
	GlobalSection(SolutionConfigurationPlatforms) = preSolution
		Debug|Any CPU = Debug|Any CPU
		Release|Any CPU = Release|Any CPU
	EndGlobalSection
	GlobalSection(ProjectConfigurationPlatforms) = postSolution
		{4AD49FB5-6668-4DCE-BFBF-2A1788072CDC}.Debug|Any CPU.ActiveCfg = Debug|Any CPU
		{4AD49FB5-6668-4DCE-BFBF-2A1788072CDC}.Debug|Any CPU.Build.0 = Debug|Any CPU
		{4AD49FB5-6668-4DCE-BFBF-2A1788072CDC}.Release|Any CPU.ActiveCfg = Release|Any CPU
		{4AD49FB5-6668-4DCE-BFBF-2A1788072CDC}.Release|Any CPU.Build.0 = Release|Any CPU
		{DDFEE0CC-2576-4DB6-813A-3BE53527576B}.Debug|Any CPU.ActiveCfg = Debug|Any CPU
		{DDFEE0CC-2576-4DB6-813A-3BE53527576B}.Debug|Any CPU.Build.0 = Debug|Any CPU
		{DDFEE0CC-2576-4DB6-813A-3BE53527576B}.Release|Any CPU.ActiveCfg = Release|Any CPU
		{DDFEE0CC-2576-4DB6-813A-3BE53527576B}.Release|Any CPU.Build.0 = Release|Any CPU
		{A25D79E9-252E-4AAF-8000-562CB095396D}.Debug|Any CPU.ActiveCfg = Debug|Any CPU
		{A25D79E9-252E-4AAF-8000-562CB095396D}.Debug|Any CPU.Build.0 = Debug|Any CPU
		{A25D79E9-252E-4AAF-8000-562CB095396D}.Release|Any CPU.ActiveCfg = Release|Any CPU
		{A25D79E9-252E-4AAF-8000-562CB095396D}.Release|Any CPU.Build.0 = Release|Any CPU
		{616173D2-F088-4075-B182-4083D675CF36}.Debug|Any CPU.ActiveCfg = Debug|Any CPU
		{616173D2-F088-4075-B182-4083D675CF36}.Debug|Any CPU.Build.0 = Debug|Any CPU
		{616173D2-F088-4075-B182-4083D675CF36}.Release|Any CPU.ActiveCfg = Release|Any CPU
		{616173D2-F088-4075-B182-4083D675CF36}.Release|Any CPU.Build.0 = Release|Any CPU
		{850651F0-ABCB-4718-9427-7314FEE27953}.Debug|Any CPU.ActiveCfg = Debug|Any CPU
		{850651F0-ABCB-4718-9427-7314FEE27953}.Debug|Any CPU.Build.0 = Debug|Any CPU
		{850651F0-ABCB-4718-9427-7314FEE27953}.Release|Any CPU.ActiveCfg = Release|Any CPU
		{850651F0-ABCB-4718-9427-7314FEE27953}.Release|Any CPU.Build.0 = Release|Any CPU
		{F69ABD58-F37C-4C3E-809B-AC6305613E94}.Debug|Any CPU.ActiveCfg = Debug|Any CPU
		{F69ABD58-F37C-4C3E-809B-AC6305613E94}.Debug|Any CPU.Build.0 = Debug|Any CPU
		{F69ABD58-F37C-4C3E-809B-AC6305613E94}.Release|Any CPU.ActiveCfg = Release|Any CPU
		{F69ABD58-F37C-4C3E-809B-AC6305613E94}.Release|Any CPU.Build.0 = Release|Any CPU
		{396392AA-A436-439A-8F42-4A5AB668412F}.Debug|Any CPU.ActiveCfg = Debug|Any CPU
		{396392AA-A436-439A-8F42-4A5AB668412F}.Debug|Any CPU.Build.0 = Debug|Any CPU
		{396392AA-A436-439A-8F42-4A5AB668412F}.Release|Any CPU.ActiveCfg = Release|Any CPU
		{396392AA-A436-439A-8F42-4A5AB668412F}.Release|Any CPU.Build.0 = Release|Any CPU
	EndGlobalSection
	GlobalSection(NestedProjects) = preSolution
		{850651F0-ABCB-4718-9427-7314FEE27953} = {5A93B2A7-1FDB-4FFB-BF25-9BAA8B576E35}
		{F69ABD58-F37C-4C3E-809B-AC6305613E94} = {5A93B2A7-1FDB-4FFB-BF25-9BAA8B576E35}
		{396392AA-A436-439A-8F42-4A5AB668412F} = {5A93B2A7-1FDB-4FFB-BF25-9BAA8B576E35}
	EndGlobalSection
EndGlobal
