
Microsoft Visual Studio Solution File, Format Version 12.00
Project("{FAE04EC0-301F-11D3-BF4B-00C04F79EFBC}") = "BaseApi", "BaseApi\BaseApi.csproj", "{4AD49FB5-6668-4DCE-BFBF-2A1788072CDC}"
EndProject
Global
	GlobalSection(SolutionConfigurationPlatforms) = preSolution
		Debug|Any CPU = Debug|Any CPU
		Release|Any CPU = Release|Any CPU
	EndGlobalSection
	GlobalSection(ProjectConfigurationPlatforms) = postSolution
		{4AD49FB5-6668-4DCE-BFBF-2A1788072CDC}.Debug|Any CPU.ActiveCfg = Debug|Any CPU
		{4AD49FB5-6668-4DCE-BFBF-2A1788072CDC}.Debug|Any CPU.Build.0 = Debug|Any CPU
		{4AD49FB5-6668-4DCE-BFBF-2A1788072CDC}.Release|Any CPU.ActiveCfg = Release|Any CPU
		{4AD49FB5-6668-4DCE-BFBF-2A1788072CDC}.Release|Any CPU.Build.0 = Release|Any CPU
	EndGlobalSection
EndGlobal
